
Microsoft Visual Studio Solution File, Format Version 12.00
# Visual Studio Express 2013 for Web
VisualStudioVersion = 12.0.30219.0
MinimumVisualStudioVersion = 10.0.40219.1
Project("{FAE04EC0-301F-11D3-BF4B-00C04F79EFBC}") = "ExamReviewProject", "ExamReviewProject\ExamReviewProject.csproj", "{A9FD7EF6-6659-4826-B435-763BD52003C3}"
EndProject
Project("{FAE04EC0-301F-11D3-BF4B-00C04F79EFBC}") = "ExamReviewProject.Data", "ExamReviewProject.Data\ExamReviewProject.Data.csproj", "{1421A3AF-B7CD-4B79-B72D-E4C3E068B13E}"
EndProject
Project("{FAE04EC0-301F-11D3-BF4B-00C04F79EFBC}") = "ExamReviewProject.DataModels", "ExamReviewProject.DataModels\ExamReviewProject.DataModels.csproj", "{20AACF87-33E2-4ADB-9800-2F3CDE7553B9}"
EndProject
Global
	GlobalSection(SolutionConfigurationPlatforms) = preSolution
		Debug|Any CPU = Debug|Any CPU
		Release|Any CPU = Release|Any CPU
	EndGlobalSection
	GlobalSection(ProjectConfigurationPlatforms) = postSolution
		{A9FD7EF6-6659-4826-B435-763BD52003C3}.Debug|Any CPU.ActiveCfg = Debug|Any CPU
		{A9FD7EF6-6659-4826-B435-763BD52003C3}.Debug|Any CPU.Build.0 = Debug|Any CPU
		{A9FD7EF6-6659-4826-B435-763BD52003C3}.Release|Any CPU.ActiveCfg = Release|Any CPU
		{A9FD7EF6-6659-4826-B435-763BD52003C3}.Release|Any CPU.Build.0 = Release|Any CPU
		{1421A3AF-B7CD-4B79-B72D-E4C3E068B13E}.Debug|Any CPU.ActiveCfg = Debug|Any CPU
		{1421A3AF-B7CD-4B79-B72D-E4C3E068B13E}.Debug|Any CPU.Build.0 = Debug|Any CPU
		{1421A3AF-B7CD-4B79-B72D-E4C3E068B13E}.Release|Any CPU.ActiveCfg = Release|Any CPU
		{1421A3AF-B7CD-4B79-B72D-E4C3E068B13E}.Release|Any CPU.Build.0 = Release|Any CPU
		{20AACF87-33E2-4ADB-9800-2F3CDE7553B9}.Debug|Any CPU.ActiveCfg = Debug|Any CPU
		{20AACF87-33E2-4ADB-9800-2F3CDE7553B9}.Debug|Any CPU.Build.0 = Debug|Any CPU
		{20AACF87-33E2-4ADB-9800-2F3CDE7553B9}.Release|Any CPU.ActiveCfg = Release|Any CPU
		{20AACF87-33E2-4ADB-9800-2F3CDE7553B9}.Release|Any CPU.Build.0 = Release|Any CPU
	EndGlobalSection
	GlobalSection(SolutionProperties) = preSolution
		HideSolutionNode = FALSE
	EndGlobalSection
EndGlobal
